{
  "name": "socket-chat-example",
  "version": "0.0.1",
  "lockfileVersion": 3,
  "requires": true,
  "packages": {
    "": {
      "name": "socket-chat-example",
      "version": "0.0.1",
      "dependencies": {
        "socket-chat-example": "file:"
      }
    },
    "node_modules/socket-chat-example": {
      "resolved": "",
      "link": true
    }
  }
}
